
Microsoft Visual Studio Solution File, Format Version 12.00
# Visual Studio Version 17
VisualStudioVersion = 17.14.36603.0 d17.14
MinimumVisualStudioVersion = 10.0.40219.1
Project("{FAE04EC0-301F-11D3-BF4B-00C04F79EFBC}") = "MauiAppHotelRec", "MauiAppHotelRec\MauiAppHotelRec.csproj", "{FBEB4449-4EE6-488A-8FAA-B9018211DCBD}"
EndProject
Global
	GlobalSection(SolutionConfigurationPlatforms) = preSolution
		Debug|Any CPU = Debug|Any CPU
		Release|Any CPU = Release|Any CPU
	EndGlobalSection
	GlobalSection(ProjectConfigurationPlatforms) = postSolution
		{FBEB4449-4EE6-488A-8FAA-B9018211DCBD}.Debug|Any CPU.ActiveCfg = Debug|Any CPU
		{FBEB4449-4EE6-488A-8FAA-B9018211DCBD}.Debug|Any CPU.Build.0 = Debug|Any CPU
		{FBEB4449-4EE6-488A-8FAA-B9018211DCBD}.Release|Any CPU.ActiveCfg = Release|Any CPU
		{FBEB4449-4EE6-488A-8FAA-B9018211DCBD}.Release|Any CPU.Build.0 = Release|Any CPU
	EndGlobalSection
	GlobalSection(SolutionProperties) = preSolution
		HideSolutionNode = FALSE
	EndGlobalSection
	GlobalSection(ExtensibilityGlobals) = postSolution
		SolutionGuid = {E73212EB-B76E-4226-B035-641D378335E6}
	EndGlobalSection
EndGlobal
